
Microsoft Visual Studio Solution File, Format Version 12.00
# Visual Studio 15
VisualStudioVersion = 15.0.27130.2020
MinimumVisualStudioVersion = 10.0.40219.1
Project("{FAE04EC0-301F-11D3-BF4B-00C04F79EFBC}") = "MathAdvancedCalculator", "ConsoleApp1\MathAdvancedCalculator.csproj", "{1DF53682-D805-4F08-A02C-EC3E1E64489E}"
EndProject
Project("{FAE04EC0-301F-11D3-BF4B-00C04F79EFBC}") = "ConsoleApp2", "ConsoleApp2\ConsoleApp2.csproj", "{93836066-22F4-43E9-BAA8-E34F8E0578E0}"
EndProject
Project("{FAE04EC0-301F-11D3-BF4B-00C04F79EFBC}") = "ConsoleApp3", "ConsoleApp3\ConsoleApp3.csproj", "{75FDED0A-1DED-43BD-BB06-5454BCDC9075}"
EndProject
Global
	GlobalSection(SolutionConfigurationPlatforms) = preSolution
		Debug|Any CPU = Debug|Any CPU
		Release|Any CPU = Release|Any CPU
	EndGlobalSection
	GlobalSection(ProjectConfigurationPlatforms) = postSolution
		{1DF53682-D805-4F08-A02C-EC3E1E64489E}.Debug|Any CPU.ActiveCfg = Debug|Any CPU
		{1DF53682-D805-4F08-A02C-EC3E1E64489E}.Debug|Any CPU.Build.0 = Debug|Any CPU
		{1DF53682-D805-4F08-A02C-EC3E1E64489E}.Release|Any CPU.ActiveCfg = Release|Any CPU
		{1DF53682-D805-4F08-A02C-EC3E1E64489E}.Release|Any CPU.Build.0 = Release|Any CPU
		{93836066-22F4-43E9-BAA8-E34F8E0578E0}.Debug|Any CPU.ActiveCfg = Debug|Any CPU
		{93836066-22F4-43E9-BAA8-E34F8E0578E0}.Debug|Any CPU.Build.0 = Debug|Any CPU
		{93836066-22F4-43E9-BAA8-E34F8E0578E0}.Release|Any CPU.ActiveCfg = Release|Any CPU
		{93836066-22F4-43E9-BAA8-E34F8E0578E0}.Release|Any CPU.Build.0 = Release|Any CPU
		{75FDED0A-1DED-43BD-BB06-5454BCDC9075}.Debug|Any CPU.ActiveCfg = Debug|Any CPU
		{75FDED0A-1DED-43BD-BB06-5454BCDC9075}.Debug|Any CPU.Build.0 = Debug|Any CPU
		{75FDED0A-1DED-43BD-BB06-5454BCDC9075}.Release|Any CPU.ActiveCfg = Release|Any CPU
		{75FDED0A-1DED-43BD-BB06-5454BCDC9075}.Release|Any CPU.Build.0 = Release|Any CPU
	EndGlobalSection
	GlobalSection(SolutionProperties) = preSolution
		HideSolutionNode = FALSE
	EndGlobalSection
	GlobalSection(ExtensibilityGlobals) = postSolution
		SolutionGuid = {B8DDED23-CC9D-45A6-BC2B-12403ACEFDE8}
	EndGlobalSection
EndGlobal
